{
  "requires": true,
  "lockfileVersion": 1,
  "dependencies": {
    "eslint-config-node-style-guide": {
      "version": "3.0.0",
      "resolved": "https://registry.npmjs.org/eslint-config-node-style-guide/-/eslint-config-node-style-guide-3.0.0.tgz",
      "integrity": "sha1-XICQQUQ/9iv31LVdK7UPCLkmscs=",
      "requires": {
        "node-style-guide": "1.0.0"
      }
    },
    "node-style-guide": {
      "version": "1.0.0",
      "resolved": "https://registry.npmjs.org/node-style-guide/-/node-style-guide-1.0.0.tgz",
      "integrity": "sha1-gzYKgTtYXLRZcymCcjKlCMIiyWQ="
    }
  }
}
